
Microsoft Visual Studio Solution File, Format Version 12.00
# Visual Studio Version 17
VisualStudioVersion = 17.6.33829.357
MinimumVisualStudioVersion = 10.0.40219.1
Project("{FAE04EC0-301F-11D3-BF4B-00C04F79EFBC}") = "MyWebApi", "MyWebApi\MyWebApi.csproj", "{2D8A86B0-FEFC-4E1C-B3B1-36B1E21D846A}"
EndProject
Global
	GlobalSection(SolutionConfigurationPlatforms) = preSolution
		Debug|Any CPU = Debug|Any CPU
		Release|Any CPU = Release|Any CPU
	EndGlobalSection
	GlobalSection(ProjectConfigurationPlatforms) = postSolution
		{2D8A86B0-FEFC-4E1C-B3B1-36B1E21D846A}.Debug|Any CPU.ActiveCfg = Debug|Any CPU
		{2D8A86B0-FEFC-4E1C-B3B1-36B1E21D846A}.Debug|Any CPU.Build.0 = Debug|Any CPU
		{2D8A86B0-FEFC-4E1C-B3B1-36B1E21D846A}.Release|Any CPU.ActiveCfg = Release|Any CPU
		{2D8A86B0-FEFC-4E1C-B3B1-36B1E21D846A}.Release|Any CPU.Build.0 = Release|Any CPU
	EndGlobalSection
	GlobalSection(SolutionProperties) = preSolution
		HideSolutionNode = FALSE
	EndGlobalSection
	GlobalSection(ExtensibilityGlobals) = postSolution
		SolutionGuid = {28A5F0C4-4FE6-42A6-B254-66076E0E27CB}
	EndGlobalSection
EndGlobal
